// !$*UTF8*$!
{
	archiveVersion = 1;
	classes = {
	};
	objectVersion = 46;
	objects = {

/* Begin PBXBuildFile section */
		8CDDE6A21DDF8F74004E221F /* main.m in Sources */ = {isa = PBXBuildFile; fileRef = 8CDDE6A11DDF8F74004E221F /* main.m */; };
		8CDDE6A51DDF8F74004E221F /* AppDelegate.m in Sources */ = {isa = PBXBuildFile; fileRef = 8CDDE6A41DDF8F74004E221F /* AppDelegate.m */; };
		8CDDE6A81DDF8F74004E221F /* ViewController.m in Sources */ = {isa = PBXBuildFile; fileRef = 8CDDE6A71DDF8F74004E221F /* ViewController.m */; };
		8CDDE6AB1DDF8F74004E221F /* Main.storyboard in Resources */ = {isa = PBXBuildFile; fileRef = 8CDDE6A91DDF8F74004E221F /* Main.storyboard */; };
		8CDDE6AE1DDF8F74004E221F /* AmazingApp.xcdatamodeld in Sources */ = {isa = PBXBuildFile; fileRef = 8CDDE6AC1DDF8F74004E221F /* AmazingApp.xcdatamodeld */; };
		8CDDE6B01DDF8F74004E221F /* Assets.xcassets in Resources */ = {isa = PBXBuildFile; fileRef = 8CDDE6AF1DDF8F74004E221F /* Assets.xcassets */; };
		8CDDE6B31DDF8F74004E221F /* LaunchScreen.storyboard in Resources */ = {isa = PBXBuildFile; fileRef = 8CDDE6B11DDF8F74004E221F /* LaunchScreen.storyboard */; };
		8CDDE6BE1DDF8F74004E221F /* AmazingAppTests.m in Sources */ = {isa = PBXBuildFile; fileRef = 8CDDE6BD1DDF8F74004E221F /* AmazingAppTests.m */; };
		8CDDE6C91DDF8F74004E221F /* AmazingAppUITests.m in Sources */ = {isa = PBXBuildFile; fileRef = 8CDDE6C81DDF8F74004E221F /* AmazingAppUITests.m */; };
		8CDDE70E1DDF9020004E221F /* BaseViewController.m in Sources */ = {isa = PBXBuildFile; fileRef = 8CDDE6D81DDF9020004E221F /* BaseViewController.m */; };
		8CDDE70F1DDF9020004E221F /* OTPViewController.m in Sources */ = {isa = PBXBuildFile; fileRef = 8CDDE6DC1DDF9020004E221F /* OTPViewController.m */; };
		8CDDE7101DDF9020004E221F /* RegistrationViewController.m in Sources */ = {isa = PBXBuildFile; fileRef = 8CDDE6DE1DDF9020004E221F /* RegistrationViewController.m */; };
		8CDDE7111DDF9020004E221F /* LoginViewController.m in Sources */ = {isa = PBXBuildFile; fileRef = 8CDDE6E01DDF9020004E221F /* LoginViewController.m */; };
		8CDDE7121DDF9020004E221F /* SettingsViewController.m in Sources */ = {isa = PBXBuildFile; fileRef = 8CDDE6E31DDF9020004E221F /* SettingsViewController.m */; };
		8CDDE7131DDF9020004E221F /* AFTableViewCell.m in Sources */ = {isa = PBXBuildFile; fileRef = 8CDDE6E61DDF9020004E221F /* AFTableViewCell.m */; };
		8CDDE7141DDF9020004E221F /* HomeViewController.m in Sources */ = {isa = PBXBuildFile; fileRef = 8CDDE6E81DDF9020004E221F /* HomeViewController.m */; };
		8CDDE7151DDF9020004E221F /* MyAccountViewController.m in Sources */ = {isa = PBXBuildFile; fileRef = 8CDDE6EA1DDF9020004E221F /* MyAccountViewController.m */; };
		8CDDE7161DDF9020004E221F /* MyCartViewController.m in Sources */ = {isa = PBXBuildFile; fileRef = 8CDDE6EC1DDF9020004E221F /* MyCartViewController.m */; };
		8CDDE7171DDF9020004E221F /* SearchViewController.m in Sources */ = {isa = PBXBuildFile; fileRef = 8CDDE6EE1DDF9020004E221F /* SearchViewController.m */; };
		8CDDE7181DDF9020004E221F /* SWRevealViewController.m in Sources */ = {isa = PBXBuildFile; fileRef = 8CDDE6F51DDF9020004E221F /* SWRevealViewController.m */; };
		8CDDE7191DDF9020004E221F /* Montserrat-Black.otf in Resources */ = {isa = PBXBuildFile; fileRef = 8CDDE6F81DDF9020004E221F /* Montserrat-Black.otf */; };
		8CDDE71A1DDF9020004E221F /* Montserrat-Bold.otf in Resources */ = {isa = PBXBuildFile; fileRef = 8CDDE6F91DDF9020004E221F /* Montserrat-Bold.otf */; };
		8CDDE71B1DDF9020004E221F /* Montserrat-ExtraBold.otf in Resources */ = {isa = PBXBuildFile; fileRef = 8CDDE6FA1DDF9020004E221F /* Montserrat-ExtraBold.otf */; };
		8CDDE71C1DDF9020004E221F /* Montserrat-ExtraLight.otf in Resources */ = {isa = PBXBuildFile; fileRef = 8CDDE6FB1DDF9020004E221F /* Montserrat-ExtraLight.otf */; };
		8CDDE71D1DDF9020004E221F /* Montserrat-Light.otf in Resources */ = {isa = PBXBuildFile; fileRef = 8CDDE6FC1DDF9020004E221F /* Montserrat-Light.otf */; };
		8CDDE71E1DDF9020004E221F /* Montserrat-Medium.otf in Resources */ = {isa = PBXBuildFile; fileRef = 8CDDE6FD1DDF9020004E221F /* Montserrat-Medium.otf */; };
		8CDDE71F1DDF9020004E221F /* Montserrat-Regular.otf in Resources */ = {isa = PBXBuildFile; fileRef = 8CDDE6FE1DDF9020004E221F /* Montserrat-Regular.otf */; };
		8CDDE7201DDF9020004E221F /* Montserrat-SemiBold.otf in Resources */ = {isa = PBXBuildFile; fileRef = 8CDDE6FF1DDF9020004E221F /* Montserrat-SemiBold.otf */; };
		8CDDE7211DDF9020004E221F /* Montserrat-Thin.otf in Resources */ = {isa = PBXBuildFile; fileRef = 8CDDE7001DDF9020004E221F /* Montserrat-Thin.otf */; };
		8CDDE7221DDF9020004E221F /* Montserrat-UltraLight.otf in Resources */ = {isa = PBXBuildFile; fileRef = 8CDDE7011DDF9020004E221F /* Montserrat-UltraLight.otf */; };
		8CDDE7231DDF9020004E221F /* MontserratAlternates-Black.otf in Resources */ = {isa = PBXBuildFile; fileRef = 8CDDE7021DDF9020004E221F /* MontserratAlternates-Black.otf */; };
		8CDDE7241DDF9020004E221F /* MontserratAlternates-Bold.otf in Resources */ = {isa = PBXBuildFile; fileRef = 8CDDE7031DDF9020004E221F /* MontserratAlternates-Bold.otf */; };
		8CDDE7251DDF9020004E221F /* MontserratAlternates-ExtraBold.otf in Resources */ = {isa = PBXBuildFile; fileRef = 8CDDE7041DDF9020004E221F /* MontserratAlternates-ExtraBold.otf */; };
		8CDDE7261DDF9020004E221F /* MontserratAlternates-ExtraLight.otf in Resources */ = {isa = PBXBuildFile; fileRef = 8CDDE7051DDF9020004E221F /* MontserratAlternates-ExtraLight.otf */; };
		8CDDE7271DDF9020004E221F /* MontserratAlternates-Light.otf in Resources */ = {isa = PBXBuildFile; fileRef = 8CDDE7061DDF9020004E221F /* MontserratAlternates-Light.otf */; };
		8CDDE7281DDF9020004E221F /* MontserratAlternates-Medium.otf in Resources */ = {isa = PBXBuildFile; fileRef = 8CDDE7071DDF9020004E221F /* MontserratAlternates-Medium.otf */; };
		8CDDE7291DDF9020004E221F /* MontserratAlternates-Regular.otf in Resources */ = {isa = PBXBuildFile; fileRef = 8CDDE7081DDF9020004E221F /* MontserratAlternates-Regular.otf */; };
		8CDDE72A1DDF9020004E221F /* MontserratAlternates-SemiBold.otf in Resources */ = {isa = PBXBuildFile; fileRef = 8CDDE7091DDF9020004E221F /* MontserratAlternates-SemiBold.otf */; };
		8CDDE72B1DDF9020004E221F /* MontserratAlternates-Thin.otf in Resources */ = {isa = PBXBuildFile; fileRef = 8CDDE70A1DDF9020004E221F /* MontserratAlternates-Thin.otf */; };
		8CDDE72C1DDF9020004E221F /* MontserratAlternates-UltraLight.otf in Resources */ = {isa = PBXBuildFile; fileRef = 8CDDE70B1DDF9020004E221F /* MontserratAlternates-UltraLight.otf */; };
		8CDDE72D1DDF9020004E221F /* SIL Open Font License.txt in Resources */ = {isa = PBXBuildFile; fileRef = 8CDDE70C1DDF9020004E221F /* SIL Open Font License.txt */; };
/* End PBXBuildFile section */

/* Begin PBXContainerItemProxy section */
		8CDDE6BA1DDF8F74004E221F /* PBXContainerItemProxy */ = {
			isa = PBXContainerItemProxy;
			containerPortal = 8CDDE6951DDF8F74004E221F /* Project object */;
			proxyType = 1;
			remoteGlobalIDString = 8CDDE69C1DDF8F74004E221F;
			remoteInfo = AmazingApp;
		};
		8CDDE6C51DDF8F74004E221F /* PBXContainerItemProxy */ = {
			isa = PBXContainerItemProxy;
			containerPortal = 8CDDE6951DDF8F74004E221F /* Project object */;
			proxyType = 1;
			remoteGlobalIDString = 8CDDE69C1DDF8F74004E221F;
			remoteInfo = AmazingApp;
		};
/* End PBXContainerItemProxy section */

/* Begin PBXFileReference section */
		8CDDE69D1DDF8F74004E221F /* AmazingApp.app */ = {isa = PBXFileReference; explicitFileType = wrapper.application; includeInIndex = 0; path = AmazingApp.app; sourceTree = BUILT_PRODUCTS_DIR; };
		8CDDE6A11DDF8F74004E221F /* main.m */ = {isa = PBXFileReference; lastKnownFileType = sourcecode.c.objc; path = main.m; sourceTree = "<group>"; };
		8CDDE6A31DDF8F74004E221F /* AppDelegate.h */ = {isa = PBXFileReference; lastKnownFileType = sourcecode.c.h; path = AppDelegate.h; sourceTree = "<group>"; };
		8CDDE6A41DDF8F74004E221F /* AppDelegate.m */ = {isa = PBXFileReference; lastKnownFileType = sourcecode.c.objc; path = AppDelegate.m; sourceTree = "<group>"; };
		8CDDE6A61DDF8F74004E221F /* ViewController.h */ = {isa = PBXFileReference; lastKnownFileType = sourcecode.c.h; path = ViewController.h; sourceTree = "<group>"; };
		8CDDE6A71DDF8F74004E221F /* ViewController.m */ = {isa = PBXFileReference; lastKnownFileType = sourcecode.c.objc; path = ViewController.m; sourceTree = "<group>"; };
		8CDDE6AA1DDF8F74004E221F /* Base */ = {isa = PBXFileReference; lastKnownFileType = file.storyboard; name = Base; path = Base.lproj/Main.storyboard; sourceTree = "<group>"; };
		8CDDE6AD1DDF8F74004E221F /* AmazingApp.xcdatamodel */ = {isa = PBXFileReference; lastKnownFileType = wrapper.xcdatamodel; path = AmazingApp.xcdatamodel; sourceTree = "<group>"; };
		8CDDE6AF1DDF8F74004E221F /* Assets.xcassets */ = {isa = PBXFileReference; lastKnownFileType = folder.assetcatalog; path = Assets.xcassets; sourceTree = "<group>"; };
		8CDDE6B21DDF8F74004E221F /* Base */ = {isa = PBXFileReference; lastKnownFileType = file.storyboard; name = Base; path = Base.lproj/LaunchScreen.storyboard; sourceTree = "<group>"; };
		8CDDE6B41DDF8F74004E221F /* Info.plist */ = {isa = PBXFileReference; lastKnownFileType = text.plist.xml; path = Info.plist; sourceTree = "<group>"; };
		8CDDE6B91DDF8F74004E221F /* AmazingAppTests.xctest */ = {isa = PBXFileReference; explicitFileType = wrapper.cfbundle; includeInIndex = 0; path = AmazingAppTests.xctest; sourceTree = BUILT_PRODUCTS_DIR; };
		8CDDE6BD1DDF8F74004E221F /* AmazingAppTests.m */ = {isa = PBXFileReference; lastKnownFileType = sourcecode.c.objc; path = AmazingAppTests.m; sourceTree = "<group>"; };
		8CDDE6BF1DDF8F74004E221F /* Info.plist */ = {isa = PBXFileReference; lastKnownFileType = text.plist.xml; path = Info.plist; sourceTree = "<group>"; };
		8CDDE6C41DDF8F74004E221F /* AmazingAppUITests.xctest */ = {isa = PBXFileReference; explicitFileType = wrapper.cfbundle; includeInIndex = 0; path = AmazingAppUITests.xctest; sourceTree = BUILT_PRODUCTS_DIR; };
		8CDDE6C81DDF8F74004E221F /* AmazingAppUITests.m */ = {isa = PBXFileReference; lastKnownFileType = sourcecode.c.objc; path = AmazingAppUITests.m; sourceTree = "<group>"; };
		8CDDE6CA1DDF8F74004E221F /* Info.plist */ = {isa = PBXFileReference; lastKnownFileType = text.plist.xml; path = Info.plist; sourceTree = "<group>"; };
		8CDDE6D71DDF9020004E221F /* BaseViewController.h */ = {isa = PBXFileReference; fileEncoding = 4; lastKnownFileType = sourcecode.c.h; path = BaseViewController.h; sourceTree = "<group>"; };
		8CDDE6D81DDF9020004E221F /* BaseViewController.m */ = {isa = PBXFileReference; fileEncoding = 4; lastKnownFileType = sourcecode.c.objc; path = BaseViewController.m; sourceTree = "<group>"; };
		8CDDE6DB1DDF9020004E221F /* OTPViewController.h */ = {isa = PBXFileReference; fileEncoding = 4; lastKnownFileType = sourcecode.c.h; path = OTPViewController.h; sourceTree = "<group>"; };
		8CDDE6DC1DDF9020004E221F /* OTPViewController.m */ = {isa = PBXFileReference; fileEncoding = 4; lastKnownFileType = sourcecode.c.objc; path = OTPViewController.m; sourceTree = "<group>"; };
		8CDDE6DD1DDF9020004E221F /* RegistrationViewController.h */ = {isa = PBXFileReference; fileEncoding = 4; lastKnownFileType = sourcecode.c.h; path = RegistrationViewController.h; sourceTree = "<group>"; };
		8CDDE6DE1DDF9020004E221F /* RegistrationViewController.m */ = {isa = PBXFileReference; fileEncoding = 4; lastKnownFileType = sourcecode.c.objc; path = RegistrationViewController.m; sourceTree = "<group>"; };
		8CDDE6DF1DDF9020004E221F /* LoginViewController.h */ = {isa = PBXFileReference; fileEncoding = 4; lastKnownFileType = sourcecode.c.h; path = LoginViewController.h; sourceTree = "<group>"; };
		8CDDE6E01DDF9020004E221F /* LoginViewController.m */ = {isa = PBXFileReference; fileEncoding = 4; lastKnownFileType = sourcecode.c.objc; path = LoginViewController.m; sourceTree = "<group>"; };
		8CDDE6E21DDF9020004E221F /* SettingsViewController.h */ = {isa = PBXFileReference; fileEncoding = 4; lastKnownFileType = sourcecode.c.h; path = SettingsViewController.h; sourceTree = "<group>"; };
		8CDDE6E31DDF9020004E221F /* SettingsViewController.m */ = {isa = PBXFileReference; fileEncoding = 4; lastKnownFileType = sourcecode.c.objc; path = SettingsViewController.m; sourceTree = "<group>"; };
		8CDDE6E51DDF9020004E221F /* AFTableViewCell.h */ = {isa = PBXFileReference; fileEncoding = 4; lastKnownFileType = sourcecode.c.h; path = AFTableViewCell.h; sourceTree = "<group>"; };
		8CDDE6E61DDF9020004E221F /* AFTableViewCell.m */ = {isa = PBXFileReference; fileEncoding = 4; lastKnownFileType = sourcecode.c.objc; path = AFTableViewCell.m; sourceTree = "<group>"; };
		8CDDE6E71DDF9020004E221F /* HomeViewController.h */ = {isa = PBXFileReference; fileEncoding = 4; lastKnownFileType = sourcecode.c.h; path = HomeViewController.h; sourceTree = "<group>"; };
		8CDDE6E81DDF9020004E221F /* HomeViewController.m */ = {isa = PBXFileReference; fileEncoding = 4; lastKnownFileType = sourcecode.c.objc; path = HomeViewController.m; sourceTree = "<group>"; };
		8CDDE6E91DDF9020004E221F /* MyAccountViewController.h */ = {isa = PBXFileReference; fileEncoding = 4; lastKnownFileType = sourcecode.c.h; path = MyAccountViewController.h; sourceTree = "<group>"; };
		8CDDE6EA1DDF9020004E221F /* MyAccountViewController.m */ = {isa = PBXFileReference; fileEncoding = 4; lastKnownFileType = sourcecode.c.objc; path = MyAccountViewController.m; sourceTree = "<group>"; };
		8CDDE6EB1DDF9020004E221F /* MyCartViewController.h */ = {isa = PBXFileReference; fileEncoding = 4; lastKnownFileType = sourcecode.c.h; path = MyCartViewController.h; sourceTree = "<group>"; };
		8CDDE6EC1DDF9020004E221F /* MyCartViewController.m */ = {isa = PBXFileReference; fileEncoding = 4; lastKnownFileType = sourcecode.c.objc; path = MyCartViewController.m; sourceTree = "<group>"; };
		8CDDE6ED1DDF9020004E221F /* SearchViewController.h */ = {isa = PBXFileReference; fileEncoding = 4; lastKnownFileType = sourcecode.c.h; path = SearchViewController.h; sourceTree = "<group>"; };
		8CDDE6EE1DDF9020004E221F /* SearchViewController.m */ = {isa = PBXFileReference; fileEncoding = 4; lastKnownFileType = sourcecode.c.objc; path = SearchViewController.m; sourceTree = "<group>"; };
		8CDDE6F11DDF9020004E221F /* AppConstant.h */ = {isa = PBXFileReference; fileEncoding = 4; lastKnownFileType = sourcecode.c.h; path = AppConstant.h; sourceTree = "<group>"; };
		8CDDE6F41DDF9020004E221F /* SWRevealViewController.h */ = {isa = PBXFileReference; fileEncoding = 4; lastKnownFileType = sourcecode.c.h; path = SWRevealViewController.h; sourceTree = "<group>"; };
		8CDDE6F51DDF9020004E221F /* SWRevealViewController.m */ = {isa = PBXFileReference; fileEncoding = 4; lastKnownFileType = sourcecode.c.objc; path = SWRevealViewController.m; sourceTree = "<group>"; };
		8CDDE6F81DDF9020004E221F /* Montserrat-Black.otf */ = {isa = PBXFileReference; lastKnownFileType = file; path = "Montserrat-Black.otf"; sourceTree = "<group>"; };
		8CDDE6F91DDF9020004E221F /* Montserrat-Bold.otf */ = {isa = PBXFileReference; lastKnownFileType = file; path = "Montserrat-Bold.otf"; sourceTree = "<group>"; };
		8CDDE6FA1DDF9020004E221F /* Montserrat-ExtraBold.otf */ = {isa = PBXFileReference; lastKnownFileType = file; path = "Montserrat-ExtraBold.otf"; sourceTree = "<group>"; };
		8CDDE6FB1DDF9020004E221F /* Montserrat-ExtraLight.otf */ = {isa = PBXFileReference; lastKnownFileType = file; path = "Montserrat-ExtraLight.otf"; sourceTree = "<group>"; };
		8CDDE6FC1DDF9020004E221F /* Montserrat-Light.otf */ = {isa = PBXFileReference; lastKnownFileType = file; path = "Montserrat-Light.otf"; sourceTree = "<group>"; };
		8CDDE6FD1DDF9020004E221F /* Montserrat-Medium.otf */ = {isa = PBXFileReference; lastKnownFileType = file; path = "Montserrat-Medium.otf"; sourceTree = "<group>"; };
		8CDDE6FE1DDF9020004E221F /* Montserrat-Regular.otf */ = {isa = PBXFileReference; lastKnownFileType = file; path = "Montserrat-Regular.otf"; sourceTree = "<group>"; };
		8CDDE6FF1DDF9020004E221F /* Montserrat-SemiBold.otf */ = {isa = PBXFileReference; lastKnownFileType = file; path = "Montserrat-SemiBold.otf"; sourceTree = "<group>"; };
		8CDDE7001DDF9020004E221F /* Montserrat-Thin.otf */ = {isa = PBXFileReference; lastKnownFileType = file; path = "Montserrat-Thin.otf"; sourceTree = "<group>"; };
		8CDDE7011DDF9020004E221F /* Montserrat-UltraLight.otf */ = {isa = PBXFileReference; lastKnownFileType = file; path = "Montserrat-UltraLight.otf"; sourceTree = "<group>"; };
		8CDDE7021DDF9020004E221F /* MontserratAlternates-Black.otf */ = {isa = PBXFileReference; lastKnownFileType = file; path = "MontserratAlternates-Black.otf"; sourceTree = "<group>"; };
		8CDDE7031DDF9020004E221F /* MontserratAlternates-Bold.otf */ = {isa = PBXFileReference; lastKnownFileType = file; path = "MontserratAlternates-Bold.otf"; sourceTree = "<group>"; };
		8CDDE7041DDF9020004E221F /* MontserratAlternates-ExtraBold.otf */ = {isa = PBXFileReference; lastKnownFileType = file; path = "MontserratAlternates-ExtraBold.otf"; sourceTree = "<group>"; };
		8CDDE7051DDF9020004E221F /* MontserratAlternates-ExtraLight.otf */ = {isa = PBXFileReference; lastKnownFileType = file; path = "MontserratAlternates-ExtraLight.otf"; sourceTree = "<group>"; };
		8CDDE7061DDF9020004E221F /* MontserratAlternates-Light.otf */ = {isa = PBXFileReference; lastKnownFileType = file; path = "MontserratAlternates-Light.otf"; sourceTree = "<group>"; };
		8CDDE7071DDF9020004E221F /* MontserratAlternates-Medium.otf */ = {isa = PBXFileReference; lastKnownFileType = file; path = "MontserratAlternates-Medium.otf"; sourceTree = "<group>"; };
		8CDDE7081DDF9020004E221F /* MontserratAlternates-Regular.otf */ = {isa = PBXFileReference; lastKnownFileType = file; path = "MontserratAlternates-Regular.otf"; sourceTree = "<group>"; };
		8CDDE7091DDF9020004E221F /* MontserratAlternates-SemiBold.otf */ = {isa = PBXFileReference; lastKnownFileType = file; path = "MontserratAlternates-SemiBold.otf"; sourceTree = "<group>"; };
		8CDDE70A1DDF9020004E221F /* MontserratAlternates-Thin.otf */ = {isa = PBXFileReference; lastKnownFileType = file; path = "MontserratAlternates-Thin.otf"; sourceTree = "<group>"; };
		8CDDE70B1DDF9020004E221F /* MontserratAlternates-UltraLight.otf */ = {isa = PBXFileReference; lastKnownFileType = file; path = "MontserratAlternates-UltraLight.otf"; sourceTree = "<group>"; };
		8CDDE70C1DDF9020004E221F /* SIL Open Font License.txt */ = {isa = PBXFileReference; fileEncoding = 4; lastKnownFileType = text; path = "SIL Open Font License.txt"; sourceTree = "<group>"; };
/* End PBXFileReference section */

/* Begin PBXFrameworksBuildPhase section */
		8CDDE69A1DDF8F74004E221F /* Frameworks */ = {
			isa = PBXFrameworksBuildPhase;
			buildActionMask = 2147483647;
			files = (
			);
			runOnlyForDeploymentPostprocessing = 0;
		};
		8CDDE6B61DDF8F74004E221F /* Frameworks */ = {
			isa = PBXFrameworksBuildPhase;
			buildActionMask = 2147483647;
			files = (
			);
			runOnlyForDeploymentPostprocessing = 0;
		};
		8CDDE6C11DDF8F74004E221F /* Frameworks */ = {
			isa = PBXFrameworksBuildPhase;
			buildActionMask = 2147483647;
			files = (
			);
			runOnlyForDeploymentPostprocessing = 0;
		};
/* End PBXFrameworksBuildPhase section */

/* Begin PBXGroup section */
		8CDDE6941DDF8F74004E221F = {
			isa = PBXGroup;
			children = (
				8CDDE69F1DDF8F74004E221F /* AmazingApp */,
				8CDDE6BC1DDF8F74004E221F /* AmazingAppTests */,
				8CDDE6C71DDF8F74004E221F /* AmazingAppUITests */,
				8CDDE69E1DDF8F74004E221F /* Products */,
			);
			sourceTree = "<group>";
		};
		8CDDE69E1DDF8F74004E221F /* Products */ = {
			isa = PBXGroup;
			children = (
				8CDDE69D1DDF8F74004E221F /* AmazingApp.app */,
				8CDDE6B91DDF8F74004E221F /* AmazingAppTests.xctest */,
				8CDDE6C41DDF8F74004E221F /* AmazingAppUITests.xctest */,
			);
			name = Products;
			sourceTree = "<group>";
		};
		8CDDE69F1DDF8F74004E221F /* AmazingApp */ = {
			isa = PBXGroup;
			children = (
				8CDDE6D61DDF9020004E221F /* BaseVC */,
				8CDDE6D91DDF9020004E221F /* VC */,
				8CDDE6EF1DDF9020004E221F /* Category */,
				8CDDE6F01DDF9020004E221F /* Constants */,
				8CDDE6F21DDF9020004E221F /* Helpers */,
				8CDDE6F61DDF9020004E221F /* Resources */,
				8CDDE70D1DDF9020004E221F /* Utility */,
				8CDDE6A31DDF8F74004E221F /* AppDelegate.h */,
				8CDDE6A41DDF8F74004E221F /* AppDelegate.m */,
				8CDDE6A61DDF8F74004E221F /* ViewController.h */,
				8CDDE6A71DDF8F74004E221F /* ViewController.m */,
				8CDDE6A91DDF8F74004E221F /* Main.storyboard */,
				8CDDE6AF1DDF8F74004E221F /* Assets.xcassets */,
				8CDDE6B11DDF8F74004E221F /* LaunchScreen.storyboard */,
				8CDDE6B41DDF8F74004E221F /* Info.plist */,
				8CDDE6AC1DDF8F74004E221F /* AmazingApp.xcdatamodeld */,
				8CDDE6A01DDF8F74004E221F /* Supporting Files */,
			);
			path = AmazingApp;
			sourceTree = "<group>";
		};
		8CDDE6A01DDF8F74004E221F /* Supporting Files */ = {
			isa = PBXGroup;
			children = (
				8CDDE6A11DDF8F74004E221F /* main.m */,
			);
			name = "Supporting Files";
			sourceTree = "<group>";
		};
		8CDDE6BC1DDF8F74004E221F /* AmazingAppTests */ = {
			isa = PBXGroup;
			children = (
				8CDDE6BD1DDF8F74004E221F /* AmazingAppTests.m */,
				8CDDE6BF1DDF8F74004E221F /* Info.plist */,
			);
			path = AmazingAppTests;
			sourceTree = "<group>";
		};
		8CDDE6C71DDF8F74004E221F /* AmazingAppUITests */ = {
			isa = PBXGroup;
			children = (
				8CDDE6C81DDF8F74004E221F /* AmazingAppUITests.m */,
				8CDDE6CA1DDF8F74004E221F /* Info.plist */,
			);
			path = AmazingAppUITests;
			sourceTree = "<group>";
		};
		8CDDE6D61DDF9020004E221F /* BaseVC */ = {
			isa = PBXGroup;
			children = (
				8CDDE6D71DDF9020004E221F /* BaseViewController.h */,
				8CDDE6D81DDF9020004E221F /* BaseViewController.m */,
			);
			path = BaseVC;
			sourceTree = "<group>";
		};
		8CDDE6D91DDF9020004E221F /* VC */ = {
			isa = PBXGroup;
			children = (
				8CDDE6DA1DDF9020004E221F /* Login */,
				8CDDE6DF1DDF9020004E221F /* LoginViewController.h */,
				8CDDE6E01DDF9020004E221F /* LoginViewController.m */,
				8CDDE6E11DDF9020004E221F /* Settings */,
				8CDDE6E41DDF9020004E221F /* Tab */,
			);
			path = VC;
			sourceTree = "<group>";
		};
		8CDDE6DA1DDF9020004E221F /* Login */ = {
			isa = PBXGroup;
			children = (
				8CDDE6DB1DDF9020004E221F /* OTPViewController.h */,
				8CDDE6DC1DDF9020004E221F /* OTPViewController.m */,
				8CDDE6DD1DDF9020004E221F /* RegistrationViewController.h */,
				8CDDE6DE1DDF9020004E221F /* RegistrationViewController.m */,
			);
			path = Login;
			sourceTree = "<group>";
		};
		8CDDE6E11DDF9020004E221F /* Settings */ = {
			isa = PBXGroup;
			children = (
				8CDDE6E21DDF9020004E221F /* SettingsViewController.h */,
				8CDDE6E31DDF9020004E221F /* SettingsViewController.m */,
			);
			path = Settings;
			sourceTree = "<group>";
		};
		8CDDE6E41DDF9020004E221F /* Tab */ = {
			isa = PBXGroup;
			children = (
				8CDDE6E51DDF9020004E221F /* AFTableViewCell.h */,
				8CDDE6E61DDF9020004E221F /* AFTableViewCell.m */,
				8CDDE6E71DDF9020004E221F /* HomeViewController.h */,
				8CDDE6E81DDF9020004E221F /* HomeViewController.m */,
				8CDDE6E91DDF9020004E221F /* MyAccountViewController.h */,
				8CDDE6EA1DDF9020004E221F /* MyAccountViewController.m */,
				8CDDE6EB1DDF9020004E221F /* MyCartViewController.h */,
				8CDDE6EC1DDF9020004E221F /* MyCartViewController.m */,
				8CDDE6ED1DDF9020004E221F /* SearchViewController.h */,
				8CDDE6EE1DDF9020004E221F /* SearchViewController.m */,
			);
			path = Tab;
			sourceTree = "<group>";
		};
		8CDDE6EF1DDF9020004E221F /* Category */ = {
			isa = PBXGroup;
			children = (
			);
			path = Category;
			sourceTree = "<group>";
		};
		8CDDE6F01DDF9020004E221F /* Constants */ = {
			isa = PBXGroup;
			children = (
				8CDDE6F11DDF9020004E221F /* AppConstant.h */,
			);
			path = Constants;
			sourceTree = "<group>";
		};
		8CDDE6F21DDF9020004E221F /* Helpers */ = {
			isa = PBXGroup;
			children = (
				8CDDE6F31DDF9020004E221F /* SWRevealViewController */,
			);
			path = Helpers;
			sourceTree = "<group>";
		};
		8CDDE6F31DDF9020004E221F /* SWRevealViewController */ = {
			isa = PBXGroup;
			children = (
				8CDDE6F41DDF9020004E221F /* SWRevealViewController.h */,
				8CDDE6F51DDF9020004E221F /* SWRevealViewController.m */,
			);
			path = SWRevealViewController;
			sourceTree = "<group>";
		};
		8CDDE6F61DDF9020004E221F /* Resources */ = {
			isa = PBXGroup;
			children = (
				8CDDE6F71DDF9020004E221F /* montserrat */,
			);
			path = Resources;
			sourceTree = "<group>";
		};
		8CDDE6F71DDF9020004E221F /* montserrat */ = {
			isa = PBXGroup;
			children = (
				8CDDE6F81DDF9020004E221F /* Montserrat-Black.otf */,
				8CDDE6F91DDF9020004E221F /* Montserrat-Bold.otf */,
				8CDDE6FA1DDF9020004E221F /* Montserrat-ExtraBold.otf */,
				8CDDE6FB1DDF9020004E221F /* Montserrat-ExtraLight.otf */,
				8CDDE6FC1DDF9020004E221F /* Montserrat-Light.otf */,
				8CDDE6FD1DDF9020004E221F /* Montserrat-Medium.otf */,
				8CDDE6FE1DDF9020004E221F /* Montserrat-Regular.otf */,
				8CDDE6FF1DDF9020004E221F /* Montserrat-SemiBold.otf */,
				8CDDE7001DDF9020004E221F /* Montserrat-Thin.otf */,
				8CDDE7011DDF9020004E221F /* Montserrat-UltraLight.otf */,
				8CDDE7021DDF9020004E221F /* MontserratAlternates-Black.otf */,
				8CDDE7031DDF9020004E221F /* MontserratAlternates-Bold.otf */,
				8CDDE7041DDF9020004E221F /* MontserratAlternates-ExtraBold.otf */,
				8CDDE7051DDF9020004E221F /* MontserratAlternates-ExtraLight.otf */,
				8CDDE7061DDF9020004E221F /* MontserratAlternates-Light.otf */,
				8CDDE7071DDF9020004E221F /* MontserratAlternates-Medium.otf */,
				8CDDE7081DDF9020004E221F /* MontserratAlternates-Regular.otf */,
				8CDDE7091DDF9020004E221F /* MontserratAlternates-SemiBold.otf */,
				8CDDE70A1DDF9020004E221F /* MontserratAlternates-Thin.otf */,
				8CDDE70B1DDF9020004E221F /* MontserratAlternates-UltraLight.otf */,
				8CDDE70C1DDF9020004E221F /* SIL Open Font License.txt */,
			);
			path = montserrat;
			sourceTree = "<group>";
		};
		8CDDE70D1DDF9020004E221F /* Utility */ = {
			isa = PBXGroup;
			children = (
			);
			path = Utility;
			sourceTree = "<group>";
		};
/* End PBXGroup section */

/* Begin PBXNativeTarget section */
		8CDDE69C1DDF8F74004E221F /* AmazingApp */ = {
			isa = PBXNativeTarget;
			buildConfigurationList = 8CDDE6CD1DDF8F74004E221F /* Build configuration list for PBXNativeTarget "AmazingApp" */;
			buildPhases = (
				8CDDE6991DDF8F74004E221F /* Sources */,
				8CDDE69A1DDF8F74004E221F /* Frameworks */,
				8CDDE69B1DDF8F74004E221F /* Resources */,
			);
			buildRules = (
			);
			dependencies = (
			);
			name = AmazingApp;
			productName = AmazingApp;
			productReference = 8CDDE69D1DDF8F74004E221F /* AmazingApp.app */;
			productType = "com.apple.product-type.application";
		};
		8CDDE6B81DDF8F74004E221F /* AmazingAppTests */ = {
			isa = PBXNativeTarget;
			buildConfigurationList = 8CDDE6D01DDF8F74004E221F /* Build configuration list for PBXNativeTarget "AmazingAppTests" */;
			buildPhases = (
				8CDDE6B51DDF8F74004E221F /* Sources */,
				8CDDE6B61DDF8F74004E221F /* Frameworks */,
				8CDDE6B71DDF8F74004E221F /* Resources */,
			);
			buildRules = (
			);
			dependencies = (
				8CDDE6BB1DDF8F74004E221F /* PBXTargetDependency */,
			);
			name = AmazingAppTests;
			productName = AmazingAppTests;
			productReference = 8CDDE6B91DDF8F74004E221F /* AmazingAppTests.xctest */;
			productType = "com.apple.product-type.bundle.unit-test";
		};
		8CDDE6C31DDF8F74004E221F /* AmazingAppUITests */ = {
			isa = PBXNativeTarget;
			buildConfigurationList = 8CDDE6D31DDF8F74004E221F /* Build configuration list for PBXNativeTarget "AmazingAppUITests" */;
			buildPhases = (
				8CDDE6C01DDF8F74004E221F /* Sources */,
				8CDDE6C11DDF8F74004E221F /* Frameworks */,
				8CDDE6C21DDF8F74004E221F /* Resources */,
			);
			buildRules = (
			);
			dependencies = (
				8CDDE6C61DDF8F74004E221F /* PBXTargetDependency */,
			);
			name = AmazingAppUITests;
			productName = AmazingAppUITests;
			productReference = 8CDDE6C41DDF8F74004E221F /* AmazingAppUITests.xctest */;
			productType = "com.apple.product-type.bundle.ui-testing";
		};
/* End PBXNativeTarget section */

/* Begin PBXProject section */
		8CDDE6951DDF8F74004E221F /* Project object */ = {
			isa = PBXProject;
			attributes = {
				LastUpgradeCheck = 0800;
				ORGANIZATIONNAME = com.demo;
				TargetAttributes = {
					8CDDE69C1DDF8F74004E221F = {
						CreatedOnToolsVersion = 8.0;
						ProvisioningStyle = Automatic;
					};
					8CDDE6B81DDF8F74004E221F = {
						CreatedOnToolsVersion = 8.0;
						ProvisioningStyle = Automatic;
						TestTargetID = 8CDDE69C1DDF8F74004E221F;
					};
					8CDDE6C31DDF8F74004E221F = {
						CreatedOnToolsVersion = 8.0;
						ProvisioningStyle = Automatic;
						TestTargetID = 8CDDE69C1DDF8F74004E221F;
					};
				};
			};
			buildConfigurationList = 8CDDE6981DDF8F74004E221F /* Build configuration list for PBXProject "AmazingApp" */;
			compatibilityVersion = "Xcode 3.2";
			developmentRegion = English;
			hasScannedForEncodings = 0;
			knownRegions = (
				en,
				Base,
			);
			mainGroup = 8CDDE6941DDF8F74004E221F;
			productRefGroup = 8CDDE69E1DDF8F74004E221F /* Products */;
			projectDirPath = "";
			projectRoot = "";
			targets = (
				8CDDE69C1DDF8F74004E221F /* AmazingApp */,
				8CDDE6B81DDF8F74004E221F /* AmazingAppTests */,
				8CDDE6C31DDF8F74004E221F /* AmazingAppUITests */,
			);
		};
/* End PBXProject section */

/* Begin PBXResourcesBuildPhase section */
		8CDDE69B1DDF8F74004E221F /* Resources */ = {
			isa = PBXResourcesBuildPhase;
			buildActionMask = 2147483647;
			files = (
				8CDDE71B1DDF9020004E221F /* Montserrat-ExtraBold.otf in Resources */,
				8CDDE7251DDF9020004E221F /* MontserratAlternates-ExtraBold.otf in Resources */,
				8CDDE7211DDF9020004E221F /* Montserrat-Thin.otf in Resources */,
				8CDDE72D1DDF9020004E221F /* SIL Open Font License.txt in Resources */,
				8CDDE71A1DDF9020004E221F /* Montserrat-Bold.otf in Resources */,
				8CDDE7231DDF9020004E221F /* MontserratAlternates-Black.otf in Resources */,
				8CDDE7281DDF9020004E221F /* MontserratAlternates-Medium.otf in Resources */,
				8CDDE7241DDF9020004E221F /* MontserratAlternates-Bold.otf in Resources */,
				8CDDE7271DDF9020004E221F /* MontserratAlternates-Light.otf in Resources */,
				8CDDE72B1DDF9020004E221F /* MontserratAlternates-Thin.otf in Resources */,
				8CDDE7291DDF9020004E221F /* MontserratAlternates-Regular.otf in Resources */,
				8CDDE72C1DDF9020004E221F /* MontserratAlternates-UltraLight.otf in Resources */,
				8CDDE7191DDF9020004E221F /* Montserrat-Black.otf in Resources */,
				8CDDE71F1DDF9020004E221F /* Montserrat-Regular.otf in Resources */,
				8CDDE6B31DDF8F74004E221F /* LaunchScreen.storyboard in Resources */,
				8CDDE6B01DDF8F74004E221F /* Assets.xcassets in Resources */,
				8CDDE7261DDF9020004E221F /* MontserratAlternates-ExtraLight.otf in Resources */,
				8CDDE6AB1DDF8F74004E221F /* Main.storyboard in Resources */,
				8CDDE72A1DDF9020004E221F /* MontserratAlternates-SemiBold.otf in Resources */,
				8CDDE7201DDF9020004E221F /* Montserrat-SemiBold.otf in Resources */,
				8CDDE71C1DDF9020004E221F /* Montserrat-ExtraLight.otf in Resources */,
				8CDDE71E1DDF9020004E221F /* Montserrat-Medium.otf in Resources */,
				8CDDE7221DDF9020004E221F /* Montserrat-UltraLight.otf in Resources */,
				8CDDE71D1DDF9020004E221F /* Montserrat-Light.otf in Resources */,
			);
			runOnlyForDeploymentPostprocessing = 0;
		};
		8CDDE6B71DDF8F74004E221F /* Resources */ = {
			isa = PBXResourcesBuildPhase;
			buildActionMask = 2147483647;
			files = (
			);
			runOnlyForDeploymentPostprocessing = 0;
		};
		8CDDE6C21DDF8F74004E221F /* Resources */ = {
			isa = PBXResourcesBuildPhase;
			buildActionMask = 2147483647;
			files = (
			);
			runOnlyForDeploymentPostprocessing = 0;
		};
/* End PBXResourcesBuildPhase section */

/* Begin PBXSourcesBuildPhase section */
		8CDDE6991DDF8F74004E221F /* Sources */ = {
			isa = PBXSourcesBuildPhase;
			buildActionMask = 2147483647;
			files = (
				8CDDE7131DDF9020004E221F /* AFTableViewCell.m in Sources */,
				8CDDE7111DDF9020004E221F /* LoginViewController.m in Sources */,
				8CDDE7181DDF9020004E221F /* SWRevealViewController.m in Sources */,
				8CDDE7151DDF9020004E221F /* MyAccountViewController.m in Sources */,
				8CDDE6A81DDF8F74004E221F /* ViewController.m in Sources */,
				8CDDE70E1DDF9020004E221F /* BaseViewController.m in Sources */,
				8CDDE7121DDF9020004E221F /* SettingsViewController.m in Sources */,
				8CDDE7171DDF9020004E221F /* SearchViewController.m in Sources */,
				8CDDE70F1DDF9020004E221F /* OTPViewController.m in Sources */,
				8CDDE7161DDF9020004E221F /* MyCartViewController.m in Sources */,
				8CDDE7141DDF9020004E221F /* HomeViewController.m in Sources */,
				8CDDE6A51DDF8F74004E221F /* AppDelegate.m in Sources */,
				8CDDE6A21DDF8F74004E221F /* main.m in Sources */,
				8CDDE6AE1DDF8F74004E221F /* AmazingApp.xcdatamodeld in Sources */,
				8CDDE7101DDF9020004E221F /* RegistrationViewController.m in Sources */,
			);
			runOnlyForDeploymentPostprocessing = 0;
		};
		8CDDE6B51DDF8F74004E221F /* Sources */ = {
			isa = PBXSourcesBuildPhase;
			buildActionMask = 2147483647;
			files = (
				8CDDE6BE1DDF8F74004E221F /* AmazingAppTests.m in Sources */,
			);
			runOnlyForDeploymentPostprocessing = 0;
		};
		8CDDE6C01DDF8F74004E221F /* Sources */ = {
			isa = PBXSourcesBuildPhase;
			buildActionMask = 2147483647;
			files = (
				8CDDE6C91DDF8F74004E221F /* AmazingAppUITests.m in Sources */,
			);
			runOnlyForDeploymentPostprocessing = 0;
		};
/* End PBXSourcesBuildPhase section */

/* Begin PBXTargetDependency section */
		8CDDE6BB1DDF8F74004E221F /* PBXTargetDependency */ = {
			isa = PBXTargetDependency;
			target = 8CDDE69C1DDF8F74004E221F /* AmazingApp */;
			targetProxy = 8CDDE6BA1DDF8F74004E221F /* PBXContainerItemProxy */;
		};
		8CDDE6C61DDF8F74004E221F /* PBXTargetDependency */ = {
			isa = PBXTargetDependency;
			target = 8CDDE69C1DDF8F74004E221F /* AmazingApp */;
			targetProxy = 8CDDE6C51DDF8F74004E221F /* PBXContainerItemProxy */;
		};
/* End PBXTargetDependency section */

/* Begin PBXVariantGroup section */
		8CDDE6A91DDF8F74004E221F /* Main.storyboard */ = {
			isa = PBXVariantGroup;
			children = (
				8CDDE6AA1DDF8F74004E221F /* Base */,
			);
			name = Main.storyboard;
			sourceTree = "<group>";
		};
		8CDDE6B11DDF8F74004E221F /* LaunchScreen.storyboard */ = {
			isa = PBXVariantGroup;
			children = (
				8CDDE6B21DDF8F74004E221F /* Base */,
			);
			name = LaunchScreen.storyboard;
			sourceTree = "<group>";
		};
/* End PBXVariantGroup section */

/* Begin XCBuildConfiguration section */
		8CDDE6CB1DDF8F74004E221F /* Debug */ = {
			isa = XCBuildConfiguration;
			buildSettings = {
				ALWAYS_SEARCH_USER_PATHS = NO;
				CLANG_ANALYZER_NONNULL = YES;
				CLANG_CXX_LANGUAGE_STANDARD = "gnu++0x";
				CLANG_CXX_LIBRARY = "libc++";
				CLANG_ENABLE_MODULES = YES;
				CLANG_ENABLE_OBJC_ARC = YES;
				CLANG_WARN_BOOL_CONVERSION = YES;
				CLANG_WARN_CONSTANT_CONVERSION = YES;
				CLANG_WARN_DIRECT_OBJC_ISA_USAGE = YES_ERROR;
				CLANG_WARN_DOCUMENTATION_COMMENTS = YES;
				CLANG_WARN_EMPTY_BODY = YES;
				CLANG_WARN_ENUM_CONVERSION = YES;
				CLANG_WARN_INFINITE_RECURSION = YES;
				CLANG_WARN_INT_CONVERSION = YES;
				CLANG_WARN_OBJC_ROOT_CLASS = YES_ERROR;
				CLANG_WARN_SUSPICIOUS_MOVES = YES;
				CLANG_WARN_UNREACHABLE_CODE = YES;
				CLANG_WARN__DUPLICATE_METHOD_MATCH = YES;
				"CODE_SIGN_IDENTITY[sdk=iphoneos*]" = "iPhone Developer";
				COPY_PHASE_STRIP = NO;
				DEBUG_INFORMATION_FORMAT = dwarf;
				ENABLE_STRICT_OBJC_MSGSEND = YES;
				ENABLE_TESTABILITY = YES;
				GCC_C_LANGUAGE_STANDARD = gnu99;
				GCC_DYNAMIC_NO_PIC = NO;
				GCC_NO_COMMON_BLOCKS = YES;
				GCC_OPTIMIZATION_LEVEL = 0;
				GCC_PREPROCESSOR_DEFINITIONS = (
					"DEBUG=1",
					"$(inherited)",
				);
				GCC_WARN_64_TO_32_BIT_CONVERSION = YES;
				GCC_WARN_ABOUT_RETURN_TYPE = YES_ERROR;
				GCC_WARN_UNDECLARED_SELECTOR = YES;
				GCC_WARN_UNINITIALIZED_AUTOS = YES_AGGRESSIVE;
				GCC_WARN_UNUSED_FUNCTION = YES;
				GCC_WARN_UNUSED_VARIABLE = YES;
				IPHONEOS_DEPLOYMENT_TARGET = 10.0;
				MTL_ENABLE_DEBUG_INFO = YES;
				ONLY_ACTIVE_ARCH = YES;
				SDKROOT = iphoneos;
			};
			name = Debug;
		};
		8CDDE6CC1DDF8F74004E221F /* Release */ = {
			isa = XCBuildConfiguration;
			buildSettings = {
				ALWAYS_SEARCH_USER_PATHS = NO;
				CLANG_ANALYZER_NONNULL = YES;
				CLANG_CXX_LANGUAGE_STANDARD = "gnu++0x";
				CLANG_CXX_LIBRARY = "libc++";
				CLANG_ENABLE_MODULES = YES;
				CLANG_ENABLE_OBJC_ARC = YES;
				CLANG_WARN_BOOL_CONVERSION = YES;
				CLANG_WARN_CONSTANT_CONVERSION = YES;
				CLANG_WARN_DIRECT_OBJC_ISA_USAGE = YES_ERROR;
				CLANG_WARN_DOCUMENTATION_COMMENTS = YES;
				CLANG_WARN_EMPTY_BODY = YES;
				CLANG_WARN_ENUM_CONVERSION = YES;
				CLANG_WARN_INFINITE_RECURSION = YES;
				CLANG_WARN_INT_CONVERSION = YES;
				CLANG_WARN_OBJC_ROOT_CLASS = YES_ERROR;
				CLANG_WARN_SUSPICIOUS_MOVES = YES;
				CLANG_WARN_UNREACHABLE_CODE = YES;
				CLANG_WARN__DUPLICATE_METHOD_MATCH = YES;
				"CODE_SIGN_IDENTITY[sdk=iphoneos*]" = "iPhone Developer";
				COPY_PHASE_STRIP = NO;
				DEBUG_INFORMATION_FORMAT = "dwarf-with-dsym";
				ENABLE_NS_ASSERTIONS = NO;
				ENABLE_STRICT_OBJC_MSGSEND = YES;
				GCC_C_LANGUAGE_STANDARD = gnu99;
				GCC_NO_COMMON_BLOCKS = YES;
				GCC_WARN_64_TO_32_BIT_CONVERSION = YES;
				GCC_WARN_ABOUT_RETURN_TYPE = YES_ERROR;
				GCC_WARN_UNDECLARED_SELECTOR = YES;
				GCC_WARN_UNINITIALIZED_AUTOS = YES_AGGRESSIVE;
				GCC_WARN_UNUSED_FUNCTION = YES;
				GCC_WARN_UNUSED_VARIABLE = YES;
				IPHONEOS_DEPLOYMENT_TARGET = 10.0;
				MTL_ENABLE_DEBUG_INFO = NO;
				SDKROOT = iphoneos;
				VALIDATE_PRODUCT = YES;
			};
			name = Release;
		};
		8CDDE6CE1DDF8F74004E221F /* Debug */ = {
			isa = XCBuildConfiguration;
			buildSettings = {
				ASSETCATALOG_COMPILER_APPICON_NAME = AppIcon;
				INFOPLIST_FILE = AmazingApp/Info.plist;
				LD_RUNPATH_SEARCH_PATHS = "$(inherited) @executable_path/Frameworks";
				PRODUCT_BUNDLE_IDENTIFIER = com.demo.AmazingApp;
				PRODUCT_NAME = "$(TARGET_NAME)";
			};
			name = Debug;
		};
		8CDDE6CF1DDF8F74004E221F /* Release */ = {
			isa = XCBuildConfiguration;
			buildSettings = {
				ASSETCATALOG_COMPILER_APPICON_NAME = AppIcon;
				INFOPLIST_FILE = AmazingApp/Info.plist;
				LD_RUNPATH_SEARCH_PATHS = "$(inherited) @executable_path/Frameworks";
				PRODUCT_BUNDLE_IDENTIFIER = com.demo.AmazingApp;
				PRODUCT_NAME = "$(TARGET_NAME)";
			};
			name = Release;
		};
		8CDDE6D11DDF8F74004E221F /* Debug */ = {
			isa = XCBuildConfiguration;
			buildSettings = {
				BUNDLE_LOADER = "$(TEST_HOST)";
				INFOPLIST_FILE = AmazingAppTests/Info.plist;
				LD_RUNPATH_SEARCH_PATHS = "$(inherited) @executable_path/Frameworks @loader_path/Frameworks";
				PRODUCT_BUNDLE_IDENTIFIER = com.demo.AmazingAppTests;
				PRODUCT_NAME = "$(TARGET_NAME)";
				TEST_HOST = "$(BUILT_PRODUCTS_DIR)/AmazingApp.app/AmazingApp";
			};
			name = Debug;
		};
		8CDDE6D21DDF8F74004E221F /* Release */ = {
			isa = XCBuildConfiguration;
			buildSettings = {
				BUNDLE_LOADER = "$(TEST_HOST)";
				INFOPLIST_FILE = AmazingAppTests/Info.plist;
				LD_RUNPATH_SEARCH_PATHS = "$(inherited) @executable_path/Frameworks @loader_path/Frameworks";
				PRODUCT_BUNDLE_IDENTIFIER = com.demo.AmazingAppTests;
				PRODUCT_NAME = "$(TARGET_NAME)";
				TEST_HOST = "$(BUILT_PRODUCTS_DIR)/AmazingApp.app/AmazingApp";
			};
			name = Release;
		};
		8CDDE6D41DDF8F74004E221F /* Debug */ = {
			isa = XCBuildConfiguration;
			buildSettings = {
				INFOPLIST_FILE = AmazingAppUITests/Info.plist;
				LD_RUNPATH_SEARCH_PATHS = "$(inherited) @executable_path/Frameworks @loader_path/Frameworks";
				PRODUCT_BUNDLE_IDENTIFIER = com.demo.AmazingAppUITests;
				PRODUCT_NAME = "$(TARGET_NAME)";
				TEST_TARGET_NAME = AmazingApp;
			};
			name = Debug;
		};
		8CDDE6D51DDF8F74004E221F /* Release */ = {
			isa = XCBuildConfiguration;
			buildSettings = {
				INFOPLIST_FILE = AmazingAppUITests/Info.plist;
				LD_RUNPATH_SEARCH_PATHS = "$(inherited) @executable_path/Frameworks @loader_path/Frameworks";
				PRODUCT_BUNDLE_IDENTIFIER = com.demo.AmazingAppUITests;
				PRODUCT_NAME = "$(TARGET_NAME)";
				TEST_TARGET_NAME = AmazingApp;
			};
			name = Release;
		};
/* End XCBuildConfiguration section */

/* Begin XCConfigurationList section */
		8CDDE6981DDF8F74004E221F /* Build configuration list for PBXProject "AmazingApp" */ = {
			isa = XCConfigurationList;
			buildConfigurations = (
				8CDDE6CB1DDF8F74004E221F /* Debug */,
				8CDDE6CC1DDF8F74004E221F /* Release */,
			);
			defaultConfigurationIsVisible = 0;
			defaultConfigurationName = Release;
		};
		8CDDE6CD1DDF8F74004E221F /* Build configuration list for PBXNativeTarget "AmazingApp" */ = {
			isa = XCConfigurationList;
			buildConfigurations = (
				8CDDE6CE1DDF8F74004E221F /* Debug */,
				8CDDE6CF1DDF8F74004E221F /* Release */,
			);
			defaultConfigurationIsVisible = 0;
		};
		8CDDE6D01DDF8F74004E221F /* Build configuration list for PBXNativeTarget "AmazingAppTests" */ = {
			isa = XCConfigurationList;
			buildConfigurations = (
				8CDDE6D11DDF8F74004E221F /* Debug */,
				8CDDE6D21DDF8F74004E221F /* Release */,
			);
			defaultConfigurationIsVisible = 0;
		};
		8CDDE6D31DDF8F74004E221F /* Build configuration list for PBXNativeTarget "AmazingAppUITests" */ = {
			isa = XCConfigurationList;
			buildConfigurations = (
				8CDDE6D41DDF8F74004E221F /* Debug */,
				8CDDE6D51DDF8F74004E221F /* Release */,
			);
			defaultConfigurationIsVisible = 0;
		};
/* End XCConfigurationList section */

/* Begin XCVersionGroup section */
		8CDDE6AC1DDF8F74004E221F /* AmazingApp.xcdatamodeld */ = {
			isa = XCVersionGroup;
			children = (
				8CDDE6AD1DDF8F74004E221F /* AmazingApp.xcdatamodel */,
			);
			currentVersion = 8CDDE6AD1DDF8F74004E221F /* AmazingApp.xcdatamodel */;
			path = AmazingApp.xcdatamodeld;
			sourceTree = "<group>";
			versionGroupType = wrapper.xcdatamodel;
		};
/* End XCVersionGroup section */
	};
	rootObject = 8CDDE6951DDF8F74004E221F /* Project object */;
}
